
Microsoft Visual Studio Solution File, Format Version 12.00
# Visual Studio Version 17
VisualStudioVersion = 17.13.35825.156 d17.13
MinimumVisualStudioVersion = 10.0.40219.1
Project("{FAE04EC0-301F-11D3-BF4B-00C04F79EFBC}") = "StageTest", "StageTest.csproj", "{8C68BFE4-2710-4DB7-AABE-3020B4126ECF}"
EndProject
Global
	GlobalSection(SolutionConfigurationPlatforms) = preSolution
		Debug|Any CPU = Debug|Any CPU
		Release|Any CPU = Release|Any CPU
	EndGlobalSection
	GlobalSection(ProjectConfigurationPlatforms) = postSolution
		{8C68BFE4-2710-4DB7-AABE-3020B4126ECF}.Debug|Any CPU.ActiveCfg = Debug|Any CPU
		{8C68BFE4-2710-4DB7-AABE-3020B4126ECF}.Debug|Any CPU.Build.0 = Debug|Any CPU
		{8C68BFE4-2710-4DB7-AABE-3020B4126ECF}.Release|Any CPU.ActiveCfg = Release|Any CPU
		{8C68BFE4-2710-4DB7-AABE-3020B4126ECF}.Release|Any CPU.Build.0 = Release|Any CPU
	EndGlobalSection
	GlobalSection(SolutionProperties) = preSolution
		HideSolutionNode = FALSE
	EndGlobalSection
	GlobalSection(ExtensibilityGlobals) = postSolution
		SolutionGuid = {6D09B291-EE54-4769-973A-39D082FF4897}
	EndGlobalSection
EndGlobal
